
Microsoft Visual Studio Solution File, Format Version 12.00
# Visual Studio Version 17
VisualStudioVersion = 17.7.33808.371
MinimumVisualStudioVersion = 10.0.40219.1
Project("{2150E333-8FDC-42A3-9474-1A3956D46DE8}") = "Solution Items", "Solution Items", "{364FF087-99F9-46C0-9293-E2DAF6B53DDB}"
	ProjectSection(SolutionItems) = preProject
		.editorconfig = .editorconfig
		VisualStudio.gitignore = VisualStudio.gitignore
	EndProjectSection
EndProject
Project("{9A19103F-16F7-4668-BE54-9A1E7A4F7556}") = "0Demo.Client.Sender", "0Demo.Client.Sender\0Demo.Client.Sender.csproj", "{1F8F0D5C-0EE5-46FC-B927-5143F3F05137}"
EndProject
Project("{9A19103F-16F7-4668-BE54-9A1E7A4F7556}") = "0Demo.Server.Reciver", "0Demo.Server.Reciver\0Demo.Server.Reciver.csproj", "{61DF0A80-19B8-432C-AC4E-83CC6E31D279}"
EndProject
Project("{9A19103F-16F7-4668-BE54-9A1E7A4F7556}") = "1TooBig.0Messages", "1TooBig.0Messages\1TooBig.0Messages.csproj", "{05663F50-B85A-48B7-A1C4-0A81DEF3774C}"
EndProject
Project("{9A19103F-16F7-4668-BE54-9A1E7A4F7556}") = "1TooBig.Client.Sender", "1TooBig.Client.Sender\1TooBig.Client.Sender.csproj", "{8AFB4C77-4049-491E-AD15-FB4873BF8EE5}"
EndProject
Project("{9A19103F-16F7-4668-BE54-9A1E7A4F7556}") = "1TooBig.Server.Reciver", "1TooBig.Server.Reciver\1TooBig.Server.Reciver.csproj", "{0E3BA6B1-6775-420E-A41F-5455C441C4ED}"
EndProject
Project("{9A19103F-16F7-4668-BE54-9A1E7A4F7556}") = "3IntegrationProblem.0Messages", "3IntegrationProblem.0Messages\3IntegrationProblem.0Messages.csproj", "{3A9257B4-9C29-4C41-A0C6-BC8F9CC100EB}"
EndProject
Project("{2150E333-8FDC-42A3-9474-1A3956D46DE8}") = "0Demo", "0Demo", "{35F0BA9E-9768-4083-A5B8-F79D2C64CD5A}"
EndProject
Project("{2150E333-8FDC-42A3-9474-1A3956D46DE8}") = "1TooBig", "1TooBig", "{7A6CC767-62B8-4987-8A8A-58BBD40ADE73}"
EndProject
Project("{2150E333-8FDC-42A3-9474-1A3956D46DE8}") = "zTrash", "zTrash", "{5BB4DFAE-0213-4EA3-B418-56BAADB71068}"
EndProject
Project("{9A19103F-16F7-4668-BE54-9A1E7A4F7556}") = "3IntegrationProblem.ErrorReciver", "3IntegrationProblem.ErrorReciver\3IntegrationProblem.ErrorReciver.csproj", "{B4019342-033D-4575-B6B6-EF46A132CB92}"
EndProject
Project("{9A19103F-16F7-4668-BE54-9A1E7A4F7556}") = "3IntegrationProblem.ExternalThirdAPI", "3IntegrationProblem.ExternalThirdAPI\3IntegrationProblem.ExternalThirdAPI.csproj", "{54923B4E-DB70-44AF-8CAC-2BA26609F64F}"
EndProject
Project("{9A19103F-16F7-4668-BE54-9A1E7A4F7556}") = "3IntegrationProblem.ReciveThenAskExternalAPIThenSendToStart", "3IntegrationProblem.ReciveThenAskExternalAPIThenSendToStart\3IntegrationProblem.ReciveThenAskExternalAPIThenSendToStart.csproj", "{529252E2-5488-4CE9-86BC-409CFA717199}"
EndProject
Project("{9A19103F-16F7-4668-BE54-9A1E7A4F7556}") = "3IntegrationProblem.StartSendAndReciveResult", "3IntegrationProblem.StartSendAndReciveResult\3IntegrationProblem.StartSendAndReciveResult.csproj", "{0FC544F0-3924-4712-96F9-F9C74F0B16C1}"
EndProject
Project("{2150E333-8FDC-42A3-9474-1A3956D46DE8}") = "3IntergrationProblems", "3IntergrationProblems", "{6F8D1105-890E-4E6F-900B-7C844ED97260}"
EndProject
Project("{9A19103F-16F7-4668-BE54-9A1E7A4F7556}") = "4SagaExample.Start", "4SagaExample\4SagaExample.Start.csproj", "{4DADD190-1765-4B78-9A24-A8A01D3D51B2}"
EndProject
Project("{9A19103F-16F7-4668-BE54-9A1E7A4F7556}") = "5Outbox", "5Outbox\5Outbox.csproj", "{60AC22AD-CFD1-44DF-BA85-B5D1864BECBF}"
EndProject
Project("{9A19103F-16F7-4668-BE54-9A1E7A4F7556}") = "6TransportMessageForwarding", "6TransportMessageForwarding\6TransportMessageForwarding.csproj", "{90E5DD8B-E06E-47B9-98D0-537200163EF6}"
EndProject
Project("{9A19103F-16F7-4668-BE54-9A1E7A4F7556}") = "4SagaExample.0Messages", "4SagaExample.0Messages\4SagaExample.0Messages.csproj", "{E385506E-6A37-4D8D-86D1-B6D1BE86971C}"
EndProject
Project("{9A19103F-16F7-4668-BE54-9A1E7A4F7556}") = "4SagaExample.Reciver.SubscribeSAction", "4SagaExample.Reciver.SubscribeSAction\4SagaExample.Reciver.SubscribeSAction.csproj", "{66F4F3D5-49EF-4251-A5A7-589FB1625AE3}"
EndProject
Project("{9A19103F-16F7-4668-BE54-9A1E7A4F7556}") = "7Saga.Common", "7Saga.Common\7Saga.Common.csproj", "{96A7D710-17F8-4444-A7F1-65F5B27CBEA4}"
EndProject
Project("{9A19103F-16F7-4668-BE54-9A1E7A4F7556}") = "7Saga.Client", "7Saga.Client\7Saga.Client.csproj", "{7AB835CC-F7B2-4A25-8EBB-E0CA2E13431C}"
EndProject
Project("{9A19103F-16F7-4668-BE54-9A1E7A4F7556}") = "7Saga.Messages", "7Saga.Messages\7Saga.Messages.csproj", "{42FFD825-F50E-45C3-B8A9-4A9DF5142090}"
EndProject
Project("{9A19103F-16F7-4668-BE54-9A1E7A4F7556}") = "7Saga.EventLogger", "7Saga.EventLogger\7Saga.EventLogger.csproj", "{958D9AF7-01A7-4F29-8258-9E6133E590BC}"
EndProject
Project("{9A19103F-16F7-4668-BE54-9A1E7A4F7556}") = "7Saga.Saga", "7Saga.Saga\7Saga.Saga.csproj", "{D4B228F0-AD55-4D04-93DE-A6E715B4A683}"
EndProject
Project("{2150E333-8FDC-42A3-9474-1A3956D46DE8}") = "7SagaExample", "7SagaExample", "{4FB5CDD4-A1F2-4446-B46E-2DDC5772FD4A}"
EndProject
Global
	GlobalSection(SolutionConfigurationPlatforms) = preSolution
		Debug|Any CPU = Debug|Any CPU
		Release|Any CPU = Release|Any CPU
	EndGlobalSection
	GlobalSection(ProjectConfigurationPlatforms) = postSolution
		{1F8F0D5C-0EE5-46FC-B927-5143F3F05137}.Debug|Any CPU.ActiveCfg = Debug|Any CPU
		{1F8F0D5C-0EE5-46FC-B927-5143F3F05137}.Debug|Any CPU.Build.0 = Debug|Any CPU
		{1F8F0D5C-0EE5-46FC-B927-5143F3F05137}.Release|Any CPU.ActiveCfg = Release|Any CPU
		{1F8F0D5C-0EE5-46FC-B927-5143F3F05137}.Release|Any CPU.Build.0 = Release|Any CPU
		{61DF0A80-19B8-432C-AC4E-83CC6E31D279}.Debug|Any CPU.ActiveCfg = Debug|Any CPU
		{61DF0A80-19B8-432C-AC4E-83CC6E31D279}.Debug|Any CPU.Build.0 = Debug|Any CPU
		{61DF0A80-19B8-432C-AC4E-83CC6E31D279}.Release|Any CPU.ActiveCfg = Release|Any CPU
		{61DF0A80-19B8-432C-AC4E-83CC6E31D279}.Release|Any CPU.Build.0 = Release|Any CPU
		{05663F50-B85A-48B7-A1C4-0A81DEF3774C}.Debug|Any CPU.ActiveCfg = Debug|Any CPU
		{05663F50-B85A-48B7-A1C4-0A81DEF3774C}.Debug|Any CPU.Build.0 = Debug|Any CPU
		{05663F50-B85A-48B7-A1C4-0A81DEF3774C}.Release|Any CPU.ActiveCfg = Release|Any CPU
		{05663F50-B85A-48B7-A1C4-0A81DEF3774C}.Release|Any CPU.Build.0 = Release|Any CPU
		{8AFB4C77-4049-491E-AD15-FB4873BF8EE5}.Debug|Any CPU.ActiveCfg = Debug|Any CPU
		{8AFB4C77-4049-491E-AD15-FB4873BF8EE5}.Debug|Any CPU.Build.0 = Debug|Any CPU
		{8AFB4C77-4049-491E-AD15-FB4873BF8EE5}.Release|Any CPU.ActiveCfg = Release|Any CPU
		{8AFB4C77-4049-491E-AD15-FB4873BF8EE5}.Release|Any CPU.Build.0 = Release|Any CPU
		{0E3BA6B1-6775-420E-A41F-5455C441C4ED}.Debug|Any CPU.ActiveCfg = Debug|Any CPU
		{0E3BA6B1-6775-420E-A41F-5455C441C4ED}.Debug|Any CPU.Build.0 = Debug|Any CPU
		{0E3BA6B1-6775-420E-A41F-5455C441C4ED}.Release|Any CPU.ActiveCfg = Release|Any CPU
		{0E3BA6B1-6775-420E-A41F-5455C441C4ED}.Release|Any CPU.Build.0 = Release|Any CPU
		{3A9257B4-9C29-4C41-A0C6-BC8F9CC100EB}.Debug|Any CPU.ActiveCfg = Debug|Any CPU
		{3A9257B4-9C29-4C41-A0C6-BC8F9CC100EB}.Debug|Any CPU.Build.0 = Debug|Any CPU
		{3A9257B4-9C29-4C41-A0C6-BC8F9CC100EB}.Release|Any CPU.ActiveCfg = Release|Any CPU
		{3A9257B4-9C29-4C41-A0C6-BC8F9CC100EB}.Release|Any CPU.Build.0 = Release|Any CPU
		{B4019342-033D-4575-B6B6-EF46A132CB92}.Debug|Any CPU.ActiveCfg = Debug|Any CPU
		{B4019342-033D-4575-B6B6-EF46A132CB92}.Debug|Any CPU.Build.0 = Debug|Any CPU
		{B4019342-033D-4575-B6B6-EF46A132CB92}.Release|Any CPU.ActiveCfg = Release|Any CPU
		{B4019342-033D-4575-B6B6-EF46A132CB92}.Release|Any CPU.Build.0 = Release|Any CPU
		{54923B4E-DB70-44AF-8CAC-2BA26609F64F}.Debug|Any CPU.ActiveCfg = Debug|Any CPU
		{54923B4E-DB70-44AF-8CAC-2BA26609F64F}.Debug|Any CPU.Build.0 = Debug|Any CPU
		{54923B4E-DB70-44AF-8CAC-2BA26609F64F}.Release|Any CPU.ActiveCfg = Release|Any CPU
		{54923B4E-DB70-44AF-8CAC-2BA26609F64F}.Release|Any CPU.Build.0 = Release|Any CPU
		{529252E2-5488-4CE9-86BC-409CFA717199}.Debug|Any CPU.ActiveCfg = Debug|Any CPU
		{529252E2-5488-4CE9-86BC-409CFA717199}.Debug|Any CPU.Build.0 = Debug|Any CPU
		{529252E2-5488-4CE9-86BC-409CFA717199}.Release|Any CPU.ActiveCfg = Release|Any CPU
		{529252E2-5488-4CE9-86BC-409CFA717199}.Release|Any CPU.Build.0 = Release|Any CPU
		{0FC544F0-3924-4712-96F9-F9C74F0B16C1}.Debug|Any CPU.ActiveCfg = Debug|Any CPU
		{0FC544F0-3924-4712-96F9-F9C74F0B16C1}.Debug|Any CPU.Build.0 = Debug|Any CPU
		{0FC544F0-3924-4712-96F9-F9C74F0B16C1}.Release|Any CPU.ActiveCfg = Release|Any CPU
		{0FC544F0-3924-4712-96F9-F9C74F0B16C1}.Release|Any CPU.Build.0 = Release|Any CPU
		{4DADD190-1765-4B78-9A24-A8A01D3D51B2}.Debug|Any CPU.ActiveCfg = Debug|Any CPU
		{4DADD190-1765-4B78-9A24-A8A01D3D51B2}.Debug|Any CPU.Build.0 = Debug|Any CPU
		{4DADD190-1765-4B78-9A24-A8A01D3D51B2}.Release|Any CPU.ActiveCfg = Release|Any CPU
		{4DADD190-1765-4B78-9A24-A8A01D3D51B2}.Release|Any CPU.Build.0 = Release|Any CPU
		{60AC22AD-CFD1-44DF-BA85-B5D1864BECBF}.Debug|Any CPU.ActiveCfg = Debug|Any CPU
		{60AC22AD-CFD1-44DF-BA85-B5D1864BECBF}.Debug|Any CPU.Build.0 = Debug|Any CPU
		{60AC22AD-CFD1-44DF-BA85-B5D1864BECBF}.Release|Any CPU.ActiveCfg = Release|Any CPU
		{60AC22AD-CFD1-44DF-BA85-B5D1864BECBF}.Release|Any CPU.Build.0 = Release|Any CPU
		{90E5DD8B-E06E-47B9-98D0-537200163EF6}.Debug|Any CPU.ActiveCfg = Debug|Any CPU
		{90E5DD8B-E06E-47B9-98D0-537200163EF6}.Debug|Any CPU.Build.0 = Debug|Any CPU
		{90E5DD8B-E06E-47B9-98D0-537200163EF6}.Release|Any CPU.ActiveCfg = Release|Any CPU
		{90E5DD8B-E06E-47B9-98D0-537200163EF6}.Release|Any CPU.Build.0 = Release|Any CPU
		{E385506E-6A37-4D8D-86D1-B6D1BE86971C}.Debug|Any CPU.ActiveCfg = Debug|Any CPU
		{E385506E-6A37-4D8D-86D1-B6D1BE86971C}.Debug|Any CPU.Build.0 = Debug|Any CPU
		{E385506E-6A37-4D8D-86D1-B6D1BE86971C}.Release|Any CPU.ActiveCfg = Release|Any CPU
		{E385506E-6A37-4D8D-86D1-B6D1BE86971C}.Release|Any CPU.Build.0 = Release|Any CPU
		{66F4F3D5-49EF-4251-A5A7-589FB1625AE3}.Debug|Any CPU.ActiveCfg = Debug|Any CPU
		{66F4F3D5-49EF-4251-A5A7-589FB1625AE3}.Debug|Any CPU.Build.0 = Debug|Any CPU
		{66F4F3D5-49EF-4251-A5A7-589FB1625AE3}.Release|Any CPU.ActiveCfg = Release|Any CPU
		{66F4F3D5-49EF-4251-A5A7-589FB1625AE3}.Release|Any CPU.Build.0 = Release|Any CPU
		{96A7D710-17F8-4444-A7F1-65F5B27CBEA4}.Debug|Any CPU.ActiveCfg = Debug|Any CPU
		{96A7D710-17F8-4444-A7F1-65F5B27CBEA4}.Debug|Any CPU.Build.0 = Debug|Any CPU
		{96A7D710-17F8-4444-A7F1-65F5B27CBEA4}.Release|Any CPU.ActiveCfg = Release|Any CPU
		{96A7D710-17F8-4444-A7F1-65F5B27CBEA4}.Release|Any CPU.Build.0 = Release|Any CPU
		{7AB835CC-F7B2-4A25-8EBB-E0CA2E13431C}.Debug|Any CPU.ActiveCfg = Debug|Any CPU
		{7AB835CC-F7B2-4A25-8EBB-E0CA2E13431C}.Debug|Any CPU.Build.0 = Debug|Any CPU
		{7AB835CC-F7B2-4A25-8EBB-E0CA2E13431C}.Release|Any CPU.ActiveCfg = Release|Any CPU
		{7AB835CC-F7B2-4A25-8EBB-E0CA2E13431C}.Release|Any CPU.Build.0 = Release|Any CPU
		{42FFD825-F50E-45C3-B8A9-4A9DF5142090}.Debug|Any CPU.ActiveCfg = Debug|Any CPU
		{42FFD825-F50E-45C3-B8A9-4A9DF5142090}.Debug|Any CPU.Build.0 = Debug|Any CPU
		{42FFD825-F50E-45C3-B8A9-4A9DF5142090}.Release|Any CPU.ActiveCfg = Release|Any CPU
		{42FFD825-F50E-45C3-B8A9-4A9DF5142090}.Release|Any CPU.Build.0 = Release|Any CPU
		{958D9AF7-01A7-4F29-8258-9E6133E590BC}.Debug|Any CPU.ActiveCfg = Debug|Any CPU
		{958D9AF7-01A7-4F29-8258-9E6133E590BC}.Debug|Any CPU.Build.0 = Debug|Any CPU
		{958D9AF7-01A7-4F29-8258-9E6133E590BC}.Release|Any CPU.ActiveCfg = Release|Any CPU
		{958D9AF7-01A7-4F29-8258-9E6133E590BC}.Release|Any CPU.Build.0 = Release|Any CPU
		{D4B228F0-AD55-4D04-93DE-A6E715B4A683}.Debug|Any CPU.ActiveCfg = Debug|Any CPU
		{D4B228F0-AD55-4D04-93DE-A6E715B4A683}.Debug|Any CPU.Build.0 = Debug|Any CPU
		{D4B228F0-AD55-4D04-93DE-A6E715B4A683}.Release|Any CPU.ActiveCfg = Release|Any CPU
		{D4B228F0-AD55-4D04-93DE-A6E715B4A683}.Release|Any CPU.Build.0 = Release|Any CPU
	EndGlobalSection
	GlobalSection(SolutionProperties) = preSolution
		HideSolutionNode = FALSE
	EndGlobalSection
	GlobalSection(NestedProjects) = preSolution
		{1F8F0D5C-0EE5-46FC-B927-5143F3F05137} = {35F0BA9E-9768-4083-A5B8-F79D2C64CD5A}
		{61DF0A80-19B8-432C-AC4E-83CC6E31D279} = {35F0BA9E-9768-4083-A5B8-F79D2C64CD5A}
		{05663F50-B85A-48B7-A1C4-0A81DEF3774C} = {7A6CC767-62B8-4987-8A8A-58BBD40ADE73}
		{8AFB4C77-4049-491E-AD15-FB4873BF8EE5} = {7A6CC767-62B8-4987-8A8A-58BBD40ADE73}
		{0E3BA6B1-6775-420E-A41F-5455C441C4ED} = {7A6CC767-62B8-4987-8A8A-58BBD40ADE73}
		{3A9257B4-9C29-4C41-A0C6-BC8F9CC100EB} = {6F8D1105-890E-4E6F-900B-7C844ED97260}
		{B4019342-033D-4575-B6B6-EF46A132CB92} = {6F8D1105-890E-4E6F-900B-7C844ED97260}
		{54923B4E-DB70-44AF-8CAC-2BA26609F64F} = {6F8D1105-890E-4E6F-900B-7C844ED97260}
		{529252E2-5488-4CE9-86BC-409CFA717199} = {6F8D1105-890E-4E6F-900B-7C844ED97260}
		{0FC544F0-3924-4712-96F9-F9C74F0B16C1} = {6F8D1105-890E-4E6F-900B-7C844ED97260}
		{96A7D710-17F8-4444-A7F1-65F5B27CBEA4} = {4FB5CDD4-A1F2-4446-B46E-2DDC5772FD4A}
		{7AB835CC-F7B2-4A25-8EBB-E0CA2E13431C} = {4FB5CDD4-A1F2-4446-B46E-2DDC5772FD4A}
		{42FFD825-F50E-45C3-B8A9-4A9DF5142090} = {4FB5CDD4-A1F2-4446-B46E-2DDC5772FD4A}
		{958D9AF7-01A7-4F29-8258-9E6133E590BC} = {4FB5CDD4-A1F2-4446-B46E-2DDC5772FD4A}
		{D4B228F0-AD55-4D04-93DE-A6E715B4A683} = {4FB5CDD4-A1F2-4446-B46E-2DDC5772FD4A}
	EndGlobalSection
	GlobalSection(ExtensibilityGlobals) = postSolution
		SolutionGuid = {27553049-5732-432D-85E4-78878CAE1114}
	EndGlobalSection
EndGlobal
